// !$*UTF8*$!
{
	archiveVersion = 1;
	classes = {
	};
	objectVersion = 48;
	objects = {

/* Begin PBXBuildFile section */
		04DF386720BBC7A6004DB45D /* MapViewController.swift in Sources */ = {isa = PBXBuildFile; fileRef = 04DF386620BBC7A6004DB45D /* MapViewController.swift */; };
		04DF38A720BBD9B8004DB45D /* HealthPlus.xcdatamodeld in Sources */ = {isa = PBXBuildFile; fileRef = 04DF38A520BBD9B8004DB45D /* HealthPlus.xcdatamodeld */; };
		04DF38A920BBDAA6004DB45D /* CoreData.swift in Sources */ = {isa = PBXBuildFile; fileRef = 04DF38A820BBDAA6004DB45D /* CoreData.swift */; };
		04DF38AD20BDA7D2004DB45D /* ExerciseViewController.swift in Sources */ = {isa = PBXBuildFile; fileRef = 04DF38AC20BDA7D2004DB45D /* ExerciseViewController.swift */; };
		0AA293CA20B38E9200C81A5D /* NutritionViewController.swift in Sources */ = {isa = PBXBuildFile; fileRef = 0AA293C920B38E9200C81A5D /* NutritionViewController.swift */; };
		0AEE38E220B384250020726D /* AppDelegate.swift in Sources */ = {isa = PBXBuildFile; fileRef = 0AEE38E120B384250020726D /* AppDelegate.swift */; };
		0AEE38E420B384250020726D /* ViewController.swift in Sources */ = {isa = PBXBuildFile; fileRef = 0AEE38E320B384250020726D /* ViewController.swift */; };
		0AEE38E720B384250020726D /* Main.storyboard in Resources */ = {isa = PBXBuildFile; fileRef = 0AEE38E520B384250020726D /* Main.storyboard */; };
		0AEE38E920B384250020726D /* Assets.xcassets in Resources */ = {isa = PBXBuildFile; fileRef = 0AEE38E820B384250020726D /* Assets.xcassets */; };
		0AEE38EC20B384250020726D /* LaunchScreen.storyboard in Resources */ = {isa = PBXBuildFile; fileRef = 0AEE38EA20B384250020726D /* LaunchScreen.storyboard */; };
		0AEE38F720B384250020726D /* HealthPlusTests.swift in Sources */ = {isa = PBXBuildFile; fileRef = 0AEE38F620B384250020726D /* HealthPlusTests.swift */; };
		0AEE390220B384250020726D /* HealthPlusUITests.swift in Sources */ = {isa = PBXBuildFile; fileRef = 0AEE390120B384250020726D /* HealthPlusUITests.swift */; };
		0AEE391020B3874D0020726D /* ActivityTableViewController.swift in Sources */ = {isa = PBXBuildFile; fileRef = 0AEE390F20B3874D0020726D /* ActivityTableViewController.swift */; };
		789B0B5D20BD21E800A93936 /* HealthKit.framework in Frameworks */ = {isa = PBXBuildFile; fileRef = 789B0B5C20BD21E800A93936 /* HealthKit.framework */; };
		BCCCFC9B20CBCB030082015E /* DetialsViewController.swift in Sources */ = {isa = PBXBuildFile; fileRef = BCCCFC9A20CBCB030082015E /* DetialsViewController.swift */; };
/* End PBXBuildFile section */

/* Begin PBXContainerItemProxy section */
		0AEE38F320B384250020726D /* PBXContainerItemProxy */ = {
			isa = PBXContainerItemProxy;
			containerPortal = 0AEE38D620B384250020726D /* Project object */;
			proxyType = 1;
			remoteGlobalIDString = 0AEE38DD20B384250020726D;
			remoteInfo = HealthPlus;
		};
		0AEE38FE20B384250020726D /* PBXContainerItemProxy */ = {
			isa = PBXContainerItemProxy;
			containerPortal = 0AEE38D620B384250020726D /* Project object */;
			proxyType = 1;
			remoteGlobalIDString = 0AEE38DD20B384250020726D;
			remoteInfo = HealthPlus;
		};
/* End PBXContainerItemProxy section */

/* Begin PBXFileReference section */
		04DF386620BBC7A6004DB45D /* MapViewController.swift */ = {isa = PBXFileReference; lastKnownFileType = sourcecode.swift; path = MapViewController.swift; sourceTree = "<group>"; };
		04DF38A620BBD9B8004DB45D /* HealthPlus.xcdatamodel */ = {isa = PBXFileReference; lastKnownFileType = wrapper.xcdatamodel; path = HealthPlus.xcdatamodel; sourceTree = "<group>"; };
		04DF38A820BBDAA6004DB45D /* CoreData.swift */ = {isa = PBXFileReference; lastKnownFileType = sourcecode.swift; path = CoreData.swift; sourceTree = "<group>"; };
		04DF38AC20BDA7D2004DB45D /* ExerciseViewController.swift */ = {isa = PBXFileReference; lastKnownFileType = sourcecode.swift; path = ExerciseViewController.swift; sourceTree = "<group>"; };
		0AA293C920B38E9200C81A5D /* NutritionViewController.swift */ = {isa = PBXFileReference; lastKnownFileType = sourcecode.swift; path = NutritionViewController.swift; sourceTree = "<group>"; };
		0AEE38DE20B384250020726D /* HealthPlus.app */ = {isa = PBXFileReference; explicitFileType = wrapper.application; includeInIndex = 0; path = HealthPlus.app; sourceTree = BUILT_PRODUCTS_DIR; };
		0AEE38E120B384250020726D /* AppDelegate.swift */ = {isa = PBXFileReference; lastKnownFileType = sourcecode.swift; path = AppDelegate.swift; sourceTree = "<group>"; };
		0AEE38E320B384250020726D /* ViewController.swift */ = {isa = PBXFileReference; lastKnownFileType = sourcecode.swift; path = ViewController.swift; sourceTree = "<group>"; };
		0AEE38E620B384250020726D /* Base */ = {isa = PBXFileReference; lastKnownFileType = file.storyboard; name = Base; path = Base.lproj/Main.storyboard; sourceTree = "<group>"; };
		0AEE38E820B384250020726D /* Assets.xcassets */ = {isa = PBXFileReference; lastKnownFileType = folder.assetcatalog; path = Assets.xcassets; sourceTree = "<group>"; };
		0AEE38EB20B384250020726D /* Base */ = {isa = PBXFileReference; lastKnownFileType = file.storyboard; name = Base; path = Base.lproj/LaunchScreen.storyboard; sourceTree = "<group>"; };
		0AEE38ED20B384250020726D /* Info.plist */ = {isa = PBXFileReference; lastKnownFileType = text.plist.xml; path = Info.plist; sourceTree = "<group>"; };
		0AEE38F220B384250020726D /* HealthPlusTests.xctest */ = {isa = PBXFileReference; explicitFileType = wrapper.cfbundle; includeInIndex = 0; path = HealthPlusTests.xctest; sourceTree = BUILT_PRODUCTS_DIR; };
		0AEE38F620B384250020726D /* HealthPlusTests.swift */ = {isa = PBXFileReference; lastKnownFileType = sourcecode.swift; path = HealthPlusTests.swift; sourceTree = "<group>"; };
		0AEE38F820B384250020726D /* Info.plist */ = {isa = PBXFileReference; lastKnownFileType = text.plist.xml; path = Info.plist; sourceTree = "<group>"; };
		0AEE38FD20B384250020726D /* HealthPlusUITests.xctest */ = {isa = PBXFileReference; explicitFileType = wrapper.cfbundle; includeInIndex = 0; path = HealthPlusUITests.xctest; sourceTree = BUILT_PRODUCTS_DIR; };
		0AEE390120B384250020726D /* HealthPlusUITests.swift */ = {isa = PBXFileReference; lastKnownFileType = sourcecode.swift; path = HealthPlusUITests.swift; sourceTree = "<group>"; };
		0AEE390320B384250020726D /* Info.plist */ = {isa = PBXFileReference; lastKnownFileType = text.plist.xml; path = Info.plist; sourceTree = "<group>"; };
		0AEE390F20B3874D0020726D /* ActivityTableViewController.swift */ = {isa = PBXFileReference; lastKnownFileType = sourcecode.swift; path = ActivityTableViewController.swift; sourceTree = "<group>"; };
		789B0B5A20BD21E800A93936 /* HealthPlus.entitlements */ = {isa = PBXFileReference; lastKnownFileType = text.plist.entitlements; path = HealthPlus.entitlements; sourceTree = "<group>"; };
		789B0B5C20BD21E800A93936 /* HealthKit.framework */ = {isa = PBXFileReference; lastKnownFileType = wrapper.framework; name = HealthKit.framework; path = System/Library/Frameworks/HealthKit.framework; sourceTree = SDKROOT; };
		BCCCFC9A20CBCB030082015E /* DetialsViewController.swift */ = {isa = PBXFileReference; lastKnownFileType = sourcecode.swift; path = DetialsViewController.swift; sourceTree = "<group>"; };
/* End PBXFileReference section */

/* Begin PBXFrameworksBuildPhase section */
		0AEE38DB20B384250020726D /* Frameworks */ = {
			isa = PBXFrameworksBuildPhase;
			buildActionMask = 2147483647;
			files = (
				789B0B5D20BD21E800A93936 /* HealthKit.framework in Frameworks */,
			);
			runOnlyForDeploymentPostprocessing = 0;
		};
		0AEE38EF20B384250020726D /* Frameworks */ = {
			isa = PBXFrameworksBuildPhase;
			buildActionMask = 2147483647;
			files = (
			);
			runOnlyForDeploymentPostprocessing = 0;
		};
		0AEE38FA20B384250020726D /* Frameworks */ = {
			isa = PBXFrameworksBuildPhase;
			buildActionMask = 2147483647;
			files = (
			);
			runOnlyForDeploymentPostprocessing = 0;
		};
/* End PBXFrameworksBuildPhase section */

/* Begin PBXGroup section */
		04DF38AA20BBDAD2004DB45D /* Core Data */ = {
			isa = PBXGroup;
			children = (
				04DF38A520BBD9B8004DB45D /* HealthPlus.xcdatamodeld */,
				04DF38A820BBDAA6004DB45D /* CoreData.swift */,
			);
			path = "Core Data";
			sourceTree = "<group>";
		};
		04DF38AB20BBDAE6004DB45D /* View Controllers */ = {
			isa = PBXGroup;
			children = (
				0AA293C920B38E9200C81A5D /* NutritionViewController.swift */,
				BCCCFC9A20CBCB030082015E /* DetialsViewController.swift */,
				0AEE390F20B3874D0020726D /* ActivityTableViewController.swift */,
				0AEE38E320B384250020726D /* ViewController.swift */,
				04DF38AC20BDA7D2004DB45D /* ExerciseViewController.swift */,
				04DF386620BBC7A6004DB45D /* MapViewController.swift */,
			);
			path = "View Controllers";
			sourceTree = "<group>";
		};
		0AEE38D520B384250020726D = {
			isa = PBXGroup;
			children = (
				0AEE38E020B384250020726D /* HealthPlus */,
				0AEE38F520B384250020726D /* HealthPlusTests */,
				0AEE390020B384250020726D /* HealthPlusUITests */,
				0AEE38DF20B384250020726D /* Products */,
				789B0B5B20BD21E800A93936 /* Frameworks */,
			);
			sourceTree = "<group>";
		};
		0AEE38DF20B384250020726D /* Products */ = {
			isa = PBXGroup;
			children = (
				0AEE38DE20B384250020726D /* HealthPlus.app */,
				0AEE38F220B384250020726D /* HealthPlusTests.xctest */,
				0AEE38FD20B384250020726D /* HealthPlusUITests.xctest */,
			);
			name = Products;
			sourceTree = "<group>";
		};
		0AEE38E020B384250020726D /* HealthPlus */ = {
			isa = PBXGroup;
			children = (
				789B0B5A20BD21E800A93936 /* HealthPlus.entitlements */,
				04DF38AB20BBDAE6004DB45D /* View Controllers */,
				04DF38AA20BBDAD2004DB45D /* Core Data */,
				0AEE38E120B384250020726D /* AppDelegate.swift */,
				0AEE38E520B384250020726D /* Main.storyboard */,
				0AEE38E820B384250020726D /* Assets.xcassets */,
				0AEE38EA20B384250020726D /* LaunchScreen.storyboard */,
				0AEE38ED20B384250020726D /* Info.plist */,
			);
			path = HealthPlus;
			sourceTree = "<group>";
		};
		0AEE38F520B384250020726D /* HealthPlusTests */ = {
			isa = PBXGroup;
			children = (
				0AEE38F620B384250020726D /* HealthPlusTests.swift */,
				0AEE38F820B384250020726D /* Info.plist */,
			);
			path = HealthPlusTests;
			sourceTree = "<group>";
		};
		0AEE390020B384250020726D /* HealthPlusUITests */ = {
			isa = PBXGroup;
			children = (
				0AEE390120B384250020726D /* HealthPlusUITests.swift */,
				0AEE390320B384250020726D /* Info.plist */,
			);
			path = HealthPlusUITests;
			sourceTree = "<group>";
		};
		789B0B5B20BD21E800A93936 /* Frameworks */ = {
			isa = PBXGroup;
			children = (
				789B0B5C20BD21E800A93936 /* HealthKit.framework */,
			);
			name = Frameworks;
			sourceTree = "<group>";
		};
/* End PBXGroup section */

/* Begin PBXNativeTarget section */
		0AEE38DD20B384250020726D /* HealthPlus */ = {
			isa = PBXNativeTarget;
			buildConfigurationList = 0AEE390620B384250020726D /* Build configuration list for PBXNativeTarget "HealthPlus" */;
			buildPhases = (
				0AEE38DA20B384250020726D /* Sources */,
				0AEE38DB20B384250020726D /* Frameworks */,
				0AEE38DC20B384250020726D /* Resources */,
			);
			buildRules = (
			);
			dependencies = (
			);
			name = HealthPlus;
			productName = HealthPlus;
			productReference = 0AEE38DE20B384250020726D /* HealthPlus.app */;
			productType = "com.apple.product-type.application";
		};
		0AEE38F120B384250020726D /* HealthPlusTests */ = {
			isa = PBXNativeTarget;
			buildConfigurationList = 0AEE390920B384250020726D /* Build configuration list for PBXNativeTarget "HealthPlusTests" */;
			buildPhases = (
				0AEE38EE20B384250020726D /* Sources */,
				0AEE38EF20B384250020726D /* Frameworks */,
				0AEE38F020B384250020726D /* Resources */,
			);
			buildRules = (
			);
			dependencies = (
				0AEE38F420B384250020726D /* PBXTargetDependency */,
			);
			name = HealthPlusTests;
			productName = HealthPlusTests;
			productReference = 0AEE38F220B384250020726D /* HealthPlusTests.xctest */;
			productType = "com.apple.product-type.bundle.unit-test";
		};
		0AEE38FC20B384250020726D /* HealthPlusUITests */ = {
			isa = PBXNativeTarget;
			buildConfigurationList = 0AEE390C20B384250020726D /* Build configuration list for PBXNativeTarget "HealthPlusUITests" */;
			buildPhases = (
				0AEE38F920B384250020726D /* Sources */,
				0AEE38FA20B384250020726D /* Frameworks */,
				0AEE38FB20B384250020726D /* Resources */,
			);
			buildRules = (
			);
			dependencies = (
				0AEE38FF20B384250020726D /* PBXTargetDependency */,
			);
			name = HealthPlusUITests;
			productName = HealthPlusUITests;
			productReference = 0AEE38FD20B384250020726D /* HealthPlusUITests.xctest */;
			productType = "com.apple.product-type.bundle.ui-testing";
		};
/* End PBXNativeTarget section */

/* Begin PBXProject section */
		0AEE38D620B384250020726D /* Project object */ = {
			isa = PBXProject;
			attributes = {
				LastSwiftUpdateCheck = 0920;
				LastUpgradeCheck = 0930;
				ORGANIZATIONNAME = "Jack Huggart";
				TargetAttributes = {
					0AEE38DD20B384250020726D = {
						CreatedOnToolsVersion = 9.2;
						ProvisioningStyle = Automatic;
						SystemCapabilities = {
							com.apple.HealthKit = {
								enabled = 1;
							};
						};
					};
					0AEE38F120B384250020726D = {
						CreatedOnToolsVersion = 9.2;
						ProvisioningStyle = Automatic;
						TestTargetID = 0AEE38DD20B384250020726D;
					};
					0AEE38FC20B384250020726D = {
						CreatedOnToolsVersion = 9.2;
						ProvisioningStyle = Automatic;
						TestTargetID = 0AEE38DD20B384250020726D;
					};
				};
			};
			buildConfigurationList = 0AEE38D920B384250020726D /* Build configuration list for PBXProject "HealthPlus" */;
			compatibilityVersion = "Xcode 8.0";
			developmentRegion = en;
			hasScannedForEncodings = 0;
			knownRegions = (
				en,
				Base,
			);
			mainGroup = 0AEE38D520B384250020726D;
			productRefGroup = 0AEE38DF20B384250020726D /* Products */;
			projectDirPath = "";
			projectRoot = "";
			targets = (
				0AEE38DD20B384250020726D /* HealthPlus */,
				0AEE38F120B384250020726D /* HealthPlusTests */,
				0AEE38FC20B384250020726D /* HealthPlusUITests */,
			);
		};
/* End PBXProject section */

/* Begin PBXResourcesBuildPhase section */
		0AEE38DC20B384250020726D /* Resources */ = {
			isa = PBXResourcesBuildPhase;
			buildActionMask = 2147483647;
			files = (
				0AEE38EC20B384250020726D /* LaunchScreen.storyboard in Resources */,
				0AEE38E920B384250020726D /* Assets.xcassets in Resources */,
				0AEE38E720B384250020726D /* Main.storyboard in Resources */,
			);
			runOnlyForDeploymentPostprocessing = 0;
		};
		0AEE38F020B384250020726D /* Resources */ = {
			isa = PBXResourcesBuildPhase;
			buildActionMask = 2147483647;
			files = (
			);
			runOnlyForDeploymentPostprocessing = 0;
		};
		0AEE38FB20B384250020726D /* Resources */ = {
			isa = PBXResourcesBuildPhase;
			buildActionMask = 2147483647;
			files = (
			);
			runOnlyForDeploymentPostprocessing = 0;
		};
/* End PBXResourcesBuildPhase section */

/* Begin PBXSourcesBuildPhase section */
		0AEE38DA20B384250020726D /* Sources */ = {
			isa = PBXSourcesBuildPhase;
			buildActionMask = 2147483647;
			files = (
				0AEE38E420B384250020726D /* ViewController.swift in Sources */,
				0AEE38E220B384250020726D /* AppDelegate.swift in Sources */,
				0AEE391020B3874D0020726D /* ActivityTableViewController.swift in Sources */,
				04DF386720BBC7A6004DB45D /* MapViewController.swift in Sources */,
				04DF38A920BBDAA6004DB45D /* CoreData.swift in Sources */,
				BCCCFC9B20CBCB030082015E /* DetialsViewController.swift in Sources */,
				0AA293CA20B38E9200C81A5D /* NutritionViewController.swift in Sources */,
				04DF38AD20BDA7D2004DB45D /* ExerciseViewController.swift in Sources */,
				04DF38A720BBD9B8004DB45D /* HealthPlus.xcdatamodeld in Sources */,
			);
			runOnlyForDeploymentPostprocessing = 0;
		};
		0AEE38EE20B384250020726D /* Sources */ = {
			isa = PBXSourcesBuildPhase;
			buildActionMask = 2147483647;
			files = (
				0AEE38F720B384250020726D /* HealthPlusTests.swift in Sources */,
			);
			runOnlyForDeploymentPostprocessing = 0;
		};
		0AEE38F920B384250020726D /* Sources */ = {
			isa = PBXSourcesBuildPhase;
			buildActionMask = 2147483647;
			files = (
				0AEE390220B384250020726D /* HealthPlusUITests.swift in Sources */,
			);
			runOnlyForDeploymentPostprocessing = 0;
		};
/* End PBXSourcesBuildPhase section */

/* Begin PBXTargetDependency section */
		0AEE38F420B384250020726D /* PBXTargetDependency */ = {
			isa = PBXTargetDependency;
			target = 0AEE38DD20B384250020726D /* HealthPlus */;
			targetProxy = 0AEE38F320B384250020726D /* PBXContainerItemProxy */;
		};
		0AEE38FF20B384250020726D /* PBXTargetDependency */ = {
			isa = PBXTargetDependency;
			target = 0AEE38DD20B384250020726D /* HealthPlus */;
			targetProxy = 0AEE38FE20B384250020726D /* PBXContainerItemProxy */;
		};
/* End PBXTargetDependency section */

/* Begin PBXVariantGroup section */
		0AEE38E520B384250020726D /* Main.storyboard */ = {
			isa = PBXVariantGroup;
			children = (
				0AEE38E620B384250020726D /* Base */,
			);
			name = Main.storyboard;
			sourceTree = "<group>";
		};
		0AEE38EA20B384250020726D /* LaunchScreen.storyboard */ = {
			isa = PBXVariantGroup;
			children = (
				0AEE38EB20B384250020726D /* Base */,
			);
			name = LaunchScreen.storyboard;
			sourceTree = "<group>";
		};
/* End PBXVariantGroup section */

/* Begin XCBuildConfiguration section */
		0AEE390420B384250020726D /* Debug */ = {
			isa = XCBuildConfiguration;
			buildSettings = {
				ALWAYS_SEARCH_USER_PATHS = NO;
				CLANG_ANALYZER_NONNULL = YES;
				CLANG_ANALYZER_NUMBER_OBJECT_CONVERSION = YES_AGGRESSIVE;
				CLANG_CXX_LANGUAGE_STANDARD = "gnu++14";
				CLANG_CXX_LIBRARY = "libc++";
				CLANG_ENABLE_MODULES = YES;
				CLANG_ENABLE_OBJC_ARC = YES;
				CLANG_WARN_BLOCK_CAPTURE_AUTORELEASING = YES;
				CLANG_WARN_BOOL_CONVERSION = YES;
				CLANG_WARN_COMMA = YES;
				CLANG_WARN_CONSTANT_CONVERSION = YES;
				CLANG_WARN_DEPRECATED_OBJC_IMPLEMENTATIONS = YES;
				CLANG_WARN_DIRECT_OBJC_ISA_USAGE = YES_ERROR;
				CLANG_WARN_DOCUMENTATION_COMMENTS = YES;
				CLANG_WARN_EMPTY_BODY = YES;
				CLANG_WARN_ENUM_CONVERSION = YES;
				CLANG_WARN_INFINITE_RECURSION = YES;
				CLANG_WARN_INT_CONVERSION = YES;
				CLANG_WARN_NON_LITERAL_NULL_CONVERSION = YES;
				CLANG_WARN_OBJC_IMPLICIT_RETAIN_SELF = YES;
				CLANG_WARN_OBJC_LITERAL_CONVERSION = YES;
				CLANG_WARN_OBJC_ROOT_CLASS = YES_ERROR;
				CLANG_WARN_RANGE_LOOP_ANALYSIS = YES;
				CLANG_WARN_STRICT_PROTOTYPES = YES;
				CLANG_WARN_SUSPICIOUS_MOVE = YES;
				CLANG_WARN_UNGUARDED_AVAILABILITY = YES_AGGRESSIVE;
				CLANG_WARN_UNREACHABLE_CODE = YES;
				CLANG_WARN__DUPLICATE_METHOD_MATCH = YES;
				CODE_SIGN_IDENTITY = "iPhone Developer";
				COPY_PHASE_STRIP = NO;
				DEBUG_INFORMATION_FORMAT = dwarf;
				ENABLE_STRICT_OBJC_MSGSEND = YES;
				ENABLE_TESTABILITY = YES;
				GCC_C_LANGUAGE_STANDARD = gnu11;
				GCC_DYNAMIC_NO_PIC = NO;
				GCC_NO_COMMON_BLOCKS = YES;
				GCC_OPTIMIZATION_LEVEL = 0;
				GCC_PREPROCESSOR_DEFINITIONS = (
					"DEBUG=1",
					"$(inherited)",
				);
				GCC_WARN_64_TO_32_BIT_CONVERSION = YES;
				GCC_WARN_ABOUT_RETURN_TYPE = YES_ERROR;
				GCC_WARN_UNDECLARED_SELECTOR = YES;
				GCC_WARN_UNINITIALIZED_AUTOS = YES_AGGRESSIVE;
				GCC_WARN_UNUSED_FUNCTION = YES;
				GCC_WARN_UNUSED_VARIABLE = YES;
				IPHONEOS_DEPLOYMENT_TARGET = 11.2;
				MTL_ENABLE_DEBUG_INFO = YES;
				ONLY_ACTIVE_ARCH = YES;
				SDKROOT = iphoneos;
				SWIFT_ACTIVE_COMPILATION_CONDITIONS = DEBUG;
				SWIFT_OPTIMIZATION_LEVEL = "-Onone";
			};
			name = Debug;
		};
		0AEE390520B384250020726D /* Release */ = {
			isa = XCBuildConfiguration;
			buildSettings = {
				ALWAYS_SEARCH_USER_PATHS = NO;
				CLANG_ANALYZER_NONNULL = YES;
				CLANG_ANALYZER_NUMBER_OBJECT_CONVERSION = YES_AGGRESSIVE;
				CLANG_CXX_LANGUAGE_STANDARD = "gnu++14";
				CLANG_CXX_LIBRARY = "libc++";
				CLANG_ENABLE_MODULES = YES;
				CLANG_ENABLE_OBJC_ARC = YES;
				CLANG_WARN_BLOCK_CAPTURE_AUTORELEASING = YES;
				CLANG_WARN_BOOL_CONVERSION = YES;
				CLANG_WARN_COMMA = YES;
				CLANG_WARN_CONSTANT_CONVERSION = YES;
				CLANG_WARN_DEPRECATED_OBJC_IMPLEMENTATIONS = YES;
				CLANG_WARN_DIRECT_OBJC_ISA_USAGE = YES_ERROR;
				CLANG_WARN_DOCUMENTATION_COMMENTS = YES;
				CLANG_WARN_EMPTY_BODY = YES;
				CLANG_WARN_ENUM_CONVERSION = YES;
				CLANG_WARN_INFINITE_RECURSION = YES;
				CLANG_WARN_INT_CONVERSION = YES;
				CLANG_WARN_NON_LITERAL_NULL_CONVERSION = YES;
				CLANG_WARN_OBJC_IMPLICIT_RETAIN_SELF = YES;
				CLANG_WARN_OBJC_LITERAL_CONVERSION = YES;
				CLANG_WARN_OBJC_ROOT_CLASS = YES_ERROR;
				CLANG_WARN_RANGE_LOOP_ANALYSIS = YES;
				CLANG_WARN_STRICT_PROTOTYPES = YES;
				CLANG_WARN_SUSPICIOUS_MOVE = YES;
				CLANG_WARN_UNGUARDED_AVAILABILITY = YES_AGGRESSIVE;
				CLANG_WARN_UNREACHABLE_CODE = YES;
				CLANG_WARN__DUPLICATE_METHOD_MATCH = YES;
				CODE_SIGN_IDENTITY = "iPhone Developer";
				COPY_PHASE_STRIP = NO;
				DEBUG_INFORMATION_FORMAT = "dwarf-with-dsym";
				ENABLE_NS_ASSERTIONS = NO;
				ENABLE_STRICT_OBJC_MSGSEND = YES;
				GCC_C_LANGUAGE_STANDARD = gnu11;
				GCC_NO_COMMON_BLOCKS = YES;
				GCC_WARN_64_TO_32_BIT_CONVERSION = YES;
				GCC_WARN_ABOUT_RETURN_TYPE = YES_ERROR;
				GCC_WARN_UNDECLARED_SELECTOR = YES;
				GCC_WARN_UNINITIALIZED_AUTOS = YES_AGGRESSIVE;
				GCC_WARN_UNUSED_FUNCTION = YES;
				GCC_WARN_UNUSED_VARIABLE = YES;
				IPHONEOS_DEPLOYMENT_TARGET = 11.2;
				MTL_ENABLE_DEBUG_INFO = NO;
				SDKROOT = iphoneos;
				SWIFT_OPTIMIZATION_LEVEL = "-Owholemodule";
				VALIDATE_PRODUCT = YES;
			};
			name = Release;
		};
		0AEE390720B384250020726D /* Debug */ = {
			isa = XCBuildConfiguration;
			buildSettings = {
				ASSETCATALOG_COMPILER_APPICON_NAME = AppIcon;
				CODE_SIGN_ENTITLEMENTS = HealthPlus/HealthPlus.entitlements;
				CODE_SIGN_STYLE = Automatic;
				DEVELOPMENT_TEAM = J2286U64L6;
				INFOPLIST_FILE = HealthPlus/Info.plist;
				LD_RUNPATH_SEARCH_PATHS = "$(inherited) @executable_path/Frameworks";
				PRODUCT_BUNDLE_IDENTIFIER = JH.HealthPlus;
				PRODUCT_NAME = "$(TARGET_NAME)";
				SWIFT_VERSION = 4.0;
				TARGETED_DEVICE_FAMILY = "1,2";
			};
			name = Debug;
		};
		0AEE390820B384250020726D /* Release */ = {
			isa = XCBuildConfiguration;
			buildSettings = {
				ASSETCATALOG_COMPILER_APPICON_NAME = AppIcon;
				CODE_SIGN_ENTITLEMENTS = HealthPlus/HealthPlus.entitlements;
				CODE_SIGN_STYLE = Automatic;
				DEVELOPMENT_TEAM = J2286U64L6;
				INFOPLIST_FILE = HealthPlus/Info.plist;
				LD_RUNPATH_SEARCH_PATHS = "$(inherited) @executable_path/Frameworks";
				PRODUCT_BUNDLE_IDENTIFIER = JH.HealthPlus;
				PRODUCT_NAME = "$(TARGET_NAME)";
				SWIFT_VERSION = 4.0;
				TARGETED_DEVICE_FAMILY = "1,2";
			};
			name = Release;
		};
		0AEE390A20B384250020726D /* Debug */ = {
			isa = XCBuildConfiguration;
			buildSettings = {
				ALWAYS_EMBED_SWIFT_STANDARD_LIBRARIES = YES;
				BUNDLE_LOADER = "$(TEST_HOST)";
				CODE_SIGN_STYLE = Automatic;
				INFOPLIST_FILE = HealthPlusTests/Info.plist;
				LD_RUNPATH_SEARCH_PATHS = "$(inherited) @executable_path/Frameworks @loader_path/Frameworks";
				PRODUCT_BUNDLE_IDENTIFIER = JH.HealthPlusTests;
				PRODUCT_NAME = "$(TARGET_NAME)";
				SWIFT_VERSION = 4.0;
				TARGETED_DEVICE_FAMILY = "1,2";
				TEST_HOST = "$(BUILT_PRODUCTS_DIR)/HealthPlus.app/HealthPlus";
			};
			name = Debug;
		};
		0AEE390B20B384250020726D /* Release */ = {
			isa = XCBuildConfiguration;
			buildSettings = {
				ALWAYS_EMBED_SWIFT_STANDARD_LIBRARIES = YES;
				BUNDLE_LOADER = "$(TEST_HOST)";
				CODE_SIGN_STYLE = Automatic;
				INFOPLIST_FILE = HealthPlusTests/Info.plist;
				LD_RUNPATH_SEARCH_PATHS = "$(inherited) @executable_path/Frameworks @loader_path/Frameworks";
				PRODUCT_BUNDLE_IDENTIFIER = JH.HealthPlusTests;
				PRODUCT_NAME = "$(TARGET_NAME)";
				SWIFT_VERSION = 4.0;
				TARGETED_DEVICE_FAMILY = "1,2";
				TEST_HOST = "$(BUILT_PRODUCTS_DIR)/HealthPlus.app/HealthPlus";
			};
			name = Release;
		};
		0AEE390D20B384250020726D /* Debug */ = {
			isa = XCBuildConfiguration;
			buildSettings = {
				ALWAYS_EMBED_SWIFT_STANDARD_LIBRARIES = YES;
				CODE_SIGN_STYLE = Automatic;
				INFOPLIST_FILE = HealthPlusUITests/Info.plist;
				LD_RUNPATH_SEARCH_PATHS = "$(inherited) @executable_path/Frameworks @loader_path/Frameworks";
				PRODUCT_BUNDLE_IDENTIFIER = JH.HealthPlusUITests;
				PRODUCT_NAME = "$(TARGET_NAME)";
				SWIFT_VERSION = 4.0;
				TARGETED_DEVICE_FAMILY = "1,2";
				TEST_TARGET_NAME = HealthPlus;
			};
			name = Debug;
		};
		0AEE390E20B384250020726D /* Release */ = {
			isa = XCBuildConfiguration;
			buildSettings = {
				ALWAYS_EMBED_SWIFT_STANDARD_LIBRARIES = YES;
				CODE_SIGN_STYLE = Automatic;
				INFOPLIST_FILE = HealthPlusUITests/Info.plist;
				LD_RUNPATH_SEARCH_PATHS = "$(inherited) @executable_path/Frameworks @loader_path/Frameworks";
				PRODUCT_BUNDLE_IDENTIFIER = JH.HealthPlusUITests;
				PRODUCT_NAME = "$(TARGET_NAME)";
				SWIFT_VERSION = 4.0;
				TARGETED_DEVICE_FAMILY = "1,2";
				TEST_TARGET_NAME = HealthPlus;
			};
			name = Release;
		};
/* End XCBuildConfiguration section */

/* Begin XCConfigurationList section */
		0AEE38D920B384250020726D /* Build configuration list for PBXProject "HealthPlus" */ = {
			isa = XCConfigurationList;
			buildConfigurations = (
				0AEE390420B384250020726D /* Debug */,
				0AEE390520B384250020726D /* Release */,
			);
			defaultConfigurationIsVisible = 0;
			defaultConfigurationName = Release;
		};
		0AEE390620B384250020726D /* Build configuration list for PBXNativeTarget "HealthPlus" */ = {
			isa = XCConfigurationList;
			buildConfigurations = (
				0AEE390720B384250020726D /* Debug */,
				0AEE390820B384250020726D /* Release */,
			);
			defaultConfigurationIsVisible = 0;
			defaultConfigurationName = Release;
		};
		0AEE390920B384250020726D /* Build configuration list for PBXNativeTarget "HealthPlusTests" */ = {
			isa = XCConfigurationList;
			buildConfigurations = (
				0AEE390A20B384250020726D /* Debug */,
				0AEE390B20B384250020726D /* Release */,
			);
			defaultConfigurationIsVisible = 0;
			defaultConfigurationName = Release;
		};
		0AEE390C20B384250020726D /* Build configuration list for PBXNativeTarget "HealthPlusUITests" */ = {
			isa = XCConfigurationList;
			buildConfigurations = (
				0AEE390D20B384250020726D /* Debug */,
				0AEE390E20B384250020726D /* Release */,
			);
			defaultConfigurationIsVisible = 0;
			defaultConfigurationName = Release;
		};
/* End XCConfigurationList section */

/* Begin XCVersionGroup section */
		04DF38A520BBD9B8004DB45D /* HealthPlus.xcdatamodeld */ = {
			isa = XCVersionGroup;
			children = (
				04DF38A620BBD9B8004DB45D /* HealthPlus.xcdatamodel */,
			);
			currentVersion = 04DF38A620BBD9B8004DB45D /* HealthPlus.xcdatamodel */;
			path = HealthPlus.xcdatamodeld;
			sourceTree = "<group>";
			versionGroupType = wrapper.xcdatamodel;
		};
/* End XCVersionGroup section */
	};
	rootObject = 0AEE38D620B384250020726D /* Project object */;
}
